
Microsoft Visual Studio Solution File, Format Version 12.00
# Visual Studio 15
Project("{FAE04EC0-301F-11D3-BF4B-00C04F79EFBC}") = "UI Toggle Project", "Assembly-CSharp.csproj", "{FDB6C1FC-BA4A-D534-5CC1-9680BCB2563A}"
EndProject
Project("{FAE04EC0-301F-11D3-BF4B-00C04F79EFBC}") = "UI Toggle Project", "Assembly-CSharp-Editor.csproj", "{C13CD792-733F-F868-C69A-B3A77E1EECF5}"
EndProject
Global
	GlobalSection(SolutionConfigurationPlatforms) = preSolution
		Debug|Any CPU = Debug|Any CPU
		Release|Any CPU = Release|Any CPU
	EndGlobalSection
	GlobalSection(ProjectConfigurationPlatforms) = postSolution
		{FDB6C1FC-BA4A-D534-5CC1-9680BCB2563A}.Debug|Any CPU.ActiveCfg = Debug|Any CPU
		{FDB6C1FC-BA4A-D534-5CC1-9680BCB2563A}.Debug|Any CPU.Build.0 = Debug|Any CPU
		{FDB6C1FC-BA4A-D534-5CC1-9680BCB2563A}.Release|Any CPU.ActiveCfg = Release|Any CPU
		{FDB6C1FC-BA4A-D534-5CC1-9680BCB2563A}.Release|Any CPU.Build.0 = Release|Any CPU
		{C13CD792-733F-F868-C69A-B3A77E1EECF5}.Debug|Any CPU.ActiveCfg = Debug|Any CPU
		{C13CD792-733F-F868-C69A-B3A77E1EECF5}.Debug|Any CPU.Build.0 = Debug|Any CPU
		{C13CD792-733F-F868-C69A-B3A77E1EECF5}.Release|Any CPU.ActiveCfg = Release|Any CPU
		{C13CD792-733F-F868-C69A-B3A77E1EECF5}.Release|Any CPU.Build.0 = Release|Any CPU
	EndGlobalSection
	GlobalSection(SolutionProperties) = preSolution
		HideSolutionNode = FALSE
	EndGlobalSection
EndGlobal
